
Microsoft Visual Studio Solution File, Format Version 12.00
# Visual Studio 2012
Project("{FAE04EC0-301F-11D3-BF4B-00C04F79EFBC}") = "ClientPoc", "ClientPoc\ClientPoc.csproj", "{21DEFDD1-B865-4A01-A8A9-52C56CD5DBAE}"
EndProject
Global
	GlobalSection(SolutionConfigurationPlatforms) = preSolution
		Debug|Any CPU = Debug|Any CPU
		Release|Any CPU = Release|Any CPU
	EndGlobalSection
	GlobalSection(ProjectConfigurationPlatforms) = postSolution
		{21DEFDD1-B865-4A01-A8A9-52C56CD5DBAE}.Debug|Any CPU.ActiveCfg = Debug|Any CPU
		{21DEFDD1-B865-4A01-A8A9-52C56CD5DBAE}.Debug|Any CPU.Build.0 = Debug|Any CPU
		{21DEFDD1-B865-4A01-A8A9-52C56CD5DBAE}.Release|Any CPU.ActiveCfg = Release|Any CPU
		{21DEFDD1-B865-4A01-A8A9-52C56CD5DBAE}.Release|Any CPU.Build.0 = Release|Any CPU
	EndGlobalSection
	GlobalSection(SolutionProperties) = preSolution
		HideSolutionNode = FALSE
	EndGlobalSection
EndGlobal
